
Microsoft Visual Studio Solution File, Format Version 12.00
Project("{FAE04EC0-301F-11D3-BF4B-00C04F79EFBC}") = "SmartSchool.WebAPI", "SmartSchool.WebAPI\SmartSchool.WebAPI.csproj", "{81AF757D-4506-4BCF-A3AF-A6688598C5ED}"
EndProject
Global
	GlobalSection(SolutionConfigurationPlatforms) = preSolution
		Debug|Any CPU = Debug|Any CPU
		Release|Any CPU = Release|Any CPU
	EndGlobalSection
	GlobalSection(ProjectConfigurationPlatforms) = postSolution
		{81AF757D-4506-4BCF-A3AF-A6688598C5ED}.Debug|Any CPU.ActiveCfg = Debug|Any CPU
		{81AF757D-4506-4BCF-A3AF-A6688598C5ED}.Debug|Any CPU.Build.0 = Debug|Any CPU
		{81AF757D-4506-4BCF-A3AF-A6688598C5ED}.Release|Any CPU.ActiveCfg = Release|Any CPU
		{81AF757D-4506-4BCF-A3AF-A6688598C5ED}.Release|Any CPU.Build.0 = Release|Any CPU
	EndGlobalSection
EndGlobal
